PODS:
  - cloud_firestore (2.4.0):
    - Firebase/Firestore (= 8.4.0)
    - firebase_core
    - Flutter
  - Firebase/Auth (8.4.0):
    - Firebase/CoreOnly
    - FirebaseAuth (~> 8.4.0)
  - Firebase/CoreOnly (8.4.0):
    - FirebaseCore (= 8.4.0)
  - Firebase/Firestore (8.4.0):
    - Firebase/CoreOnly
    - FirebaseFirestore (~> 8.4.0)
  - Firebase/Storage (8.4.0):
    - Firebase/CoreOnly
    - FirebaseStorage (~> 8.4.0)
  - firebase_auth (3.0.0):
    - Firebase/Auth (= 8.4.0)
    - firebase_core
    - Flutter
  - firebase_core (1.4.0):
    - Firebase/CoreOnly (= 8.4.0)
    - Flutter
  - firebase_storage (10.0.0):
    - Firebase/Storage (= 8.4.0)
    - firebase_core
    - Flutter
  - FirebaseAuth (8.4.0):
    - FirebaseCore (~> 8.0)
    - GoogleUtilities/AppDelegateSwizzler (~> 7.4)
    - GoogleUtilities/Environment (~> 7.4)
    - GTMSessionFetcher/Core (~> 1.5)
  - FirebaseCore (8.4.0):
    - FirebaseCoreDiagnostics (~> 8.0)
    - GoogleUtilities/Environment (~> 7.4)
    - GoogleUtilities/Logger (~> 7.4)
  - FirebaseCoreDiagnostics (8.4.0):
    - GoogleDataTransport (~> 9.0)
    - GoogleUtilities/Environment (~> 7.4)
    - GoogleUtilities/Logger (~> 7.4)
    - nanopb (~> 2.30908.0)
  - FirebaseFirestore (8.4.0):
    - FirebaseFirestore/AutodetectLeveldb (= 8.4.0)
  - FirebaseFirestore/AutodetectLeveldb (8.4.0):
    - FirebaseFirestore/Base
    - FirebaseFirestore/WithLeveldb
  - FirebaseFirestore/Base (8.4.0)
  - FirebaseFirestore/WithLeveldb (8.4.0):
    - FirebaseFirestore/Base
  - FirebaseStorage (8.4.0):
    - FirebaseCore (~> 8.0)
    - GTMSessionFetcher/Core (~> 1.5)
  - Flutter (1.0.0)
  - google_maps_flutter (0.0.1):
    - Flutter
    - GoogleMaps
  - GoogleDataTransport (9.1.0):
    - GoogleUtilities/Environment (~> 7.2)
    - nanopb (~> 2.30908.0)
    - PromisesObjC (< 3.0, >= 1.2)
  - GoogleMaps (5.1.0):
    - GoogleMaps/Maps (= 5.1.0)
  - GoogleMaps/Base (5.1.0)
  - GoogleMaps/Maps (5.1.0):
    - GoogleMaps/Base
  - GoogleUtilities/AppDelegateSwizzler (7.5.0):
    - GoogleUtilities/Environment
    - GoogleUtilities/Logger
    - GoogleUtilities/Network
  - GoogleUtilities/Environment (7.5.0):
    - PromisesObjC (< 3.0, >= 1.2)
  - GoogleUtilities/Logger (7.5.0):
    - GoogleUtilities/Environment
  - GoogleUtilities/Network (7.5.0):
    - GoogleUtilities/Logger
    - "GoogleUtilities/NSData+zlib"
    - GoogleUtilities/Reachability
  - "GoogleUtilities/NSData+zlib (7.5.0)"
  - GoogleUtilities/Reachability (7.5.0):
    - GoogleUtilities/Logger
  - GTMSessionFetcher/Core (1.6.1)
  - libphonenumber (0.0.1):
    - Flutter
    - libPhoneNumber-iOS
  - libPhoneNumber-iOS (0.9.15)
  - libphonenumber_plugin (0.0.1):
    - Flutter
    - libphonenumber
    - libPhoneNumber-iOS
  - location (0.0.1):
    - Flutter
  - nanopb (2.30908.0):
    - nanopb/decode (= 2.30908.0)
    - nanopb/encode (= 2.30908.0)
  - nanopb/decode (2.30908.0)
  - nanopb/encode (2.30908.0)
  - PromisesObjC (2.0.0)
  - shared_preferences (0.0.1):
    - Flutter

DEPENDENCIES:
  - cloud_firestore (from `.symlinks/plugins/cloud_firestore/ios`)
  - firebase_auth (from `.symlinks/plugins/firebase_auth/ios`)
  - firebase_core (from `.symlinks/plugins/firebase_core/ios`)
  - firebase_storage (from `.symlinks/plugins/firebase_storage/ios`)
  - FirebaseFirestore (from `https://github.com/invertase/firestore-ios-sdk-frameworks.git`, tag `8.4.0`)
  - Flutter (from `Flutter`)
  - google_maps_flutter (from `.symlinks/plugins/google_maps_flutter/ios`)
  - libphonenumber (from `.symlinks/plugins/libphonenumber/ios`)
  - libphonenumber_plugin (from `.symlinks/plugins/libphonenumber_plugin/ios`)
  - location (from `.symlinks/plugins/location/ios`)
  - shared_preferences (from `.symlinks/plugins/shared_preferences/ios`)

SPEC REPOS:
  trunk:
    - Firebase
    - FirebaseAuth
    - FirebaseCore
    - FirebaseCoreDiagnostics
    - FirebaseStorage
    - GoogleDataTransport
    - GoogleMaps
    - GoogleUtilities
    - GTMSessionFetcher
    - libPhoneNumber-iOS
    - nanopb
    - PromisesObjC

EXTERNAL SOURCES:
  cloud_firestore:
    :path: ".symlinks/plugins/cloud_firestore/ios"
  firebase_auth:
    :path: ".symlinks/plugins/firebase_auth/ios"
  firebase_core:
    :path: ".symlinks/plugins/firebase_core/ios"
  firebase_storage:
    :path: ".symlinks/plugins/firebase_storage/ios"
  FirebaseFirestore:
    :git: https://github.com/invertase/firestore-ios-sdk-frameworks.git
    :tag: 8.4.0
  Flutter:
    :path: Flutter
  google_maps_flutter:
    :path: ".symlinks/plugins/google_maps_flutter/ios"
  libphonenumber:
    :path: ".symlinks/plugins/libphonenumber/ios"
  libphonenumber_plugin:
    :path: ".symlinks/plugins/libphonenumber_plugin/ios"
  location:
    :path: ".symlinks/plugins/location/ios"
  shared_preferences:
    :path: ".symlinks/plugins/shared_preferences/ios"

CHECKOUT OPTIONS:
  FirebaseFirestore:
    :git: https://github.com/invertase/firestore-ios-sdk-frameworks.git
    :tag: 8.4.0

SPEC CHECKSUMS:
  cloud_firestore: b31329f3b650b7a82230bd2b9811b0a8f897440e
  Firebase: 54cdc8bc9c9b3de54f43dab86e62f5a76b47034f
  firebase_auth: a2158f805e75e4f3db9458bd4b5d8c155261284a
  firebase_core: cd83283fdae619424d0c096628c75235605ca443
  firebase_storage: baab86ab7d1b3758a1f12ea4eb6b3e738f95a0c4
  FirebaseAuth: 8ef169751d795f20921d425f7b0131cc1c70935c
  FirebaseCore: 31f389c37ac1ea52454a53d3081f2d7019485a4a
  FirebaseCoreDiagnostics: cad03be1904b975f845e632f2720c3337da27faf
  FirebaseFirestore: f9dbfc5ec30e3cbbe4c17c867993c63de4033ebd
  FirebaseStorage: e6065bcbf70e2a06a8c3ddc66cbe03a395bbddc4
  Flutter: 434fef37c0980e73bb6479ef766c45957d4b510c
  google_maps_flutter: df4e7de95264aa0a2f11aac0fc7e313acb8ffc7e
  GoogleDataTransport: 85fd18ff3019bb85d3f2c551d04c481dedf71fc9
  GoogleMaps: 086ae1dab659eaa7339bdb30fc88e2f44e7c597c
  GoogleUtilities: eea970f4a389963963bffe8d8fabe43540678b9c
  GTMSessionFetcher: 36689134877faeb055b27dfa4ccc9ceaa42e029e
  libphonenumber: bd14d5abfc5939ab0b0767234e2d8e2593af258e
  libPhoneNumber-iOS: 0a32a9525cf8744fe02c5206eb30d571e38f7d75
  libphonenumber_plugin: 7cf755ad1656145935d6c208173a476bd3f12898
  location: 3a2eed4dd2fab25e7b7baf2a9efefe82b512d740
  nanopb: a0ba3315591a9ae0a16a309ee504766e90db0c96
  PromisesObjC: 68159ce6952d93e17b2dfe273b8c40907db5ba58
  shared_preferences: af6bfa751691cdc24be3045c43ec037377ada40d

PODFILE CHECKSUM: 04647758dd477b2777df6d165f40e113b2dc2929

COCOAPODS: 1.10.1
